// !$*UTF8*$!
{
	archiveVersion = 1;
	classes = {
	};
	objectVersion = 51;
	objects = {

/* Begin PBXBuildFile section */
		0B626E4FC6695CE54900F135 /* Pods_DailyYamazaki.framework in Frameworks */ = {isa = PBXBuildFile; fileRef = 536EF4C0617373D3A2874310 /* Pods_DailyYamazaki.framework */; };
		BA940B8025E0FDB200DEB3A1 /* HomeCollectionViewCell.swift in Sources */ = {isa = PBXBuildFile; fileRef = BA940B7E25E0FDB200DEB3A1 /* HomeCollectionViewCell.swift */; };
		BA940B8125E0FDB200DEB3A1 /* HomeCollectionViewCell.xib in Resources */ = {isa = PBXBuildFile; fileRef = BA940B7F25E0FDB200DEB3A1 /* HomeCollectionViewCell.xib */; };
		BAAED59B25DDF65A00FBE46D /* LoadDataModel.swift in Sources */ = {isa = PBXBuildFile; fileRef = BAAED59A25DDF65A00FBE46D /* LoadDataModel.swift */; };
		BAAED5F625DE1B4C00FBE46D /* GoogleService-Info.plist in Resources */ = {isa = PBXBuildFile; fileRef = BAAED5F525DE1B4C00FBE46D /* GoogleService-Info.plist */; };
		BAD0116B25DF973B00624D21 /* TestViewController.swift in Sources */ = {isa = PBXBuildFile; fileRef = BAD0116A25DF973B00624D21 /* TestViewController.swift */; };
		BAD0117025DF9D5500624D21 /* Test.swift in Sources */ = {isa = PBXBuildFile; fileRef = BAD0116F25DF9D5500624D21 /* Test.swift */; };
		BAD386DF25D4FF7F00407754 /* AppDelegate.swift in Sources */ = {isa = PBXBuildFile; fileRef = BAD386DE25D4FF7F00407754 /* AppDelegate.swift */; };
		BAD386E125D4FF7F00407754 /* SceneDelegate.swift in Sources */ = {isa = PBXBuildFile; fileRef = BAD386E025D4FF7F00407754 /* SceneDelegate.swift */; };
		BAD386E325D4FF7F00407754 /* HomeViewController.swift in Sources */ = {isa = PBXBuildFile; fileRef = BAD386E225D4FF7F00407754 /* HomeViewController.swift */; };
		BAD386E625D4FF7F00407754 /* Main.storyboard in Resources */ = {isa = PBXBuildFile; fileRef = BAD386E425D4FF7F00407754 /* Main.storyboard */; };
		BAD386E825D4FF8000407754 /* Assets.xcassets in Resources */ = {isa = PBXBuildFile; fileRef = BAD386E725D4FF8000407754 /* Assets.xcassets */; };
		BAD386EB25D4FF8000407754 /* LaunchScreen.storyboard in Resources */ = {isa = PBXBuildFile; fileRef = BAD386E925D4FF8000407754 /* LaunchScreen.storyboard */; };
		BAD3871B25D50A0500407754 /* TabBarController.swift in Sources */ = {isa = PBXBuildFile; fileRef = BAD3871A25D50A0500407754 /* TabBarController.swift */; };
		BAF66FDA25DAE587008C08DF /* ColorModel.swift in Sources */ = {isa = PBXBuildFile; fileRef = BAF66FD925DAE587008C08DF /* ColorModel.swift */; };
/* End PBXBuildFile section */

/* Begin PBXContainerItemProxy section */
		BAD386F225D4FF8000407754 /* PBXContainerItemProxy */ = {
			isa = PBXContainerItemProxy;
			containerPortal = BAD386D325D4FF7F00407754 /* Project object */;
			proxyType = 1;
			remoteGlobalIDString = BAD386DA25D4FF7F00407754;
			remoteInfo = DailyYamazaki;
		};
		BAD386FD25D4FF8000407754 /* PBXContainerItemProxy */ = {
			isa = PBXContainerItemProxy;
			containerPortal = BAD386D325D4FF7F00407754 /* Project object */;
			proxyType = 1;
			remoteGlobalIDString = BAD386DA25D4FF7F00407754;
			remoteInfo = DailyYamazaki;
		};
/* End PBXContainerItemProxy section */

/* Begin PBXFileReference section */
		536EF4C0617373D3A2874310 /* Pods_DailyYamazaki.framework */ = {isa = PBXFileReference; explicitFileType = wrapper.framework; includeInIndex = 0; path = Pods_DailyYamazaki.framework; sourceTree = BUILT_PRODUCTS_DIR; };
		6B37082E8019503F136D848D /* Pods-DailyYamazaki.debug.xcconfig */ = {isa = PBXFileReference; includeInIndex = 1; lastKnownFileType = text.xcconfig; name = "Pods-DailyYamazaki.debug.xcconfig"; path = "Target Support Files/Pods-DailyYamazaki/Pods-DailyYamazaki.debug.xcconfig"; sourceTree = "<group>"; };
		BA940B7E25E0FDB200DEB3A1 /* HomeCollectionViewCell.swift */ = {isa = PBXFileReference; lastKnownFileType = sourcecode.swift; path = HomeCollectionViewCell.swift; sourceTree = "<group>"; };
		BA940B7F25E0FDB200DEB3A1 /* HomeCollectionViewCell.xib */ = {isa = PBXFileReference; lastKnownFileType = file.xib; path = HomeCollectionViewCell.xib; sourceTree = "<group>"; };
		BAAC637B25E1C2A400FD5B4E /* DailyYamazaki.app */ = {isa = PBXFileReference; explicitFileType = wrapper.application; includeInIndex = 0; path = DailyYamazaki.app; sourceTree = BUILT_PRODUCTS_DIR; };
		BAAC637E25E1C39700FD5B4E /* DailyYamazakiUITests.xctest */ = {isa = PBXFileReference; explicitFileType = wrapper.cfbundle; includeInIndex = 0; name = DailyYamazakiUITests.xctest; path = "/Users/shigemorihareni/Desktop/swift1/オリジナルアプリ/DailyYamazaki/build/Debug-iphoneos/DailyYamazakiUITests.xctest"; sourceTree = "<absolute>"; };
		BAAC638525E1C39D00FD5B4E /* DailyYamazakiTests.xctest */ = {isa = PBXFileReference; explicitFileType = wrapper.cfbundle; includeInIndex = 0; name = DailyYamazakiTests.xctest; path = "/Users/shigemorihareni/Desktop/swift1/オリジナルアプリ/DailyYamazaki/build/Debug-iphoneos/DailyYamazakiTests.xctest"; sourceTree = "<absolute>"; };
		BAAED59A25DDF65A00FBE46D /* LoadDataModel.swift */ = {isa = PBXFileReference; lastKnownFileType = sourcecode.swift; path = LoadDataModel.swift; sourceTree = "<group>"; };
		BAAED5F525DE1B4C00FBE46D /* GoogleService-Info.plist */ = {isa = PBXFileReference; fileEncoding = 4; lastKnownFileType = text.plist.xml; path = "GoogleService-Info.plist"; sourceTree = "<group>"; };
		BAD0116A25DF973B00624D21 /* TestViewController.swift */ = {isa = PBXFileReference; lastKnownFileType = sourcecode.swift; path = TestViewController.swift; sourceTree = "<group>"; };
		BAD0116F25DF9D5500624D21 /* Test.swift */ = {isa = PBXFileReference; lastKnownFileType = sourcecode.swift; path = Test.swift; sourceTree = "<group>"; };
		BAD386DE25D4FF7F00407754 /* AppDelegate.swift */ = {isa = PBXFileReference; lastKnownFileType = sourcecode.swift; path = AppDelegate.swift; sourceTree = "<group>"; };
		BAD386E025D4FF7F00407754 /* SceneDelegate.swift */ = {isa = PBXFileReference; lastKnownFileType = sourcecode.swift; path = SceneDelegate.swift; sourceTree = "<group>"; };
		BAD386E225D4FF7F00407754 /* HomeViewController.swift */ = {isa = PBXFileReference; lastKnownFileType = sourcecode.swift; path = HomeViewController.swift; sourceTree = "<group>"; };
		BAD386E525D4FF7F00407754 /* Base */ = {isa = PBXFileReference; lastKnownFileType = file.storyboard; name = Base; path = Base.lproj/Main.storyboard; sourceTree = "<group>"; };
		BAD386E725D4FF8000407754 /* Assets.xcassets */ = {isa = PBXFileReference; lastKnownFileType = folder.assetcatalog; path = Assets.xcassets; sourceTree = "<group>"; };
		BAD386EA25D4FF8000407754 /* Base */ = {isa = PBXFileReference; lastKnownFileType = file.storyboard; name = Base; path = Base.lproj/LaunchScreen.storyboard; sourceTree = "<group>"; };
		BAD386EC25D4FF8000407754 /* Info.plist */ = {isa = PBXFileReference; lastKnownFileType = text.plist.xml; path = Info.plist; sourceTree = "<group>"; };
		BAD3871A25D50A0500407754 /* TabBarController.swift */ = {isa = PBXFileReference; lastKnownFileType = sourcecode.swift; path = TabBarController.swift; sourceTree = "<group>"; };
		BAF66FD925DAE587008C08DF /* ColorModel.swift */ = {isa = PBXFileReference; lastKnownFileType = sourcecode.swift; path = ColorModel.swift; sourceTree = "<group>"; };
		CB539BA04EAF5762173E0010 /* Pods-DailyYamazaki.release.xcconfig */ = {isa = PBXFileReference; includeInIndex = 1; lastKnownFileType = text.xcconfig; name = "Pods-DailyYamazaki.release.xcconfig"; path = "Target Support Files/Pods-DailyYamazaki/Pods-DailyYamazaki.release.xcconfig"; sourceTree = "<group>"; };
/* End PBXFileReference section */

/* Begin PBXFrameworksBuildPhase section */
		BAD386D825D4FF7F00407754 /* Frameworks */ = {
			isa = PBXFrameworksBuildPhase;
			buildActionMask = 2147483647;
			files = (
				0B626E4FC6695CE54900F135 /* Pods_DailyYamazaki.framework in Frameworks */,
			);
			runOnlyForDeploymentPostprocessing = 0;
		};
		BAD386EE25D4FF8000407754 /* Frameworks */ = {
			isa = PBXFrameworksBuildPhase;
			buildActionMask = 2147483647;
			files = (
			);
			runOnlyForDeploymentPostprocessing = 0;
		};
		BAD386F925D4FF8000407754 /* Frameworks */ = {
			isa = PBXFrameworksBuildPhase;
			buildActionMask = 2147483647;
			files = (
			);
			runOnlyForDeploymentPostprocessing = 0;
		};
/* End PBXFrameworksBuildPhase section */

/* Begin PBXGroup section */
		8EF94B99C5919F483FF4CF03 /* Frameworks */ = {
			isa = PBXGroup;
			children = (
				536EF4C0617373D3A2874310 /* Pods_DailyYamazaki.framework */,
			);
			name = Frameworks;
			sourceTree = "<group>";
		};
		BA940B4A25E07FFA00DEB3A1 /* CustomCell */ = {
			isa = PBXGroup;
			children = (
				BA940B7E25E0FDB200DEB3A1 /* HomeCollectionViewCell.swift */,
				BA940B7F25E0FDB200DEB3A1 /* HomeCollectionViewCell.xib */,
			);
			path = CustomCell;
			sourceTree = "<group>";
		};
		BA99A45825D955ED00BC0C5C /* Model */ = {
			isa = PBXGroup;
			children = (
				BAF66FD925DAE587008C08DF /* ColorModel.swift */,
				BAAED59A25DDF65A00FBE46D /* LoadDataModel.swift */,
				BAD0116F25DF9D5500624D21 /* Test.swift */,
			);
			path = Model;
			sourceTree = "<group>";
		};
		BAD386D225D4FF7F00407754 = {
			isa = PBXGroup;
			children = (
				BAD386DD25D4FF7F00407754 /* DailyYamazaki */,
				FB0CA9B0EFCCE5E039A44423 /* Pods */,
				8EF94B99C5919F483FF4CF03 /* Frameworks */,
				BAAC637B25E1C2A400FD5B4E /* DailyYamazaki.app */,
			);
			sourceTree = "<group>";
		};
		BAD386DD25D4FF7F00407754 /* DailyYamazaki */ = {
			isa = PBXGroup;
			children = (
				BA940B4A25E07FFA00DEB3A1 /* CustomCell */,
				BA99A45825D955ED00BC0C5C /* Model */,
				BAD386DE25D4FF7F00407754 /* AppDelegate.swift */,
				BAD386E025D4FF7F00407754 /* SceneDelegate.swift */,
				BAD3872025D50A7C00407754 /* Storyboard */,
				BAD3871F25D50A6C00407754 /* Controller */,
				BAD386E725D4FF8000407754 /* Assets.xcassets */,
				BAD386E925D4FF8000407754 /* LaunchScreen.storyboard */,
				BAD386EC25D4FF8000407754 /* Info.plist */,
				BAAED5F525DE1B4C00FBE46D /* GoogleService-Info.plist */,
			);
			path = DailyYamazaki;
			sourceTree = "<group>";
		};
		BAD3871F25D50A6C00407754 /* Controller */ = {
			isa = PBXGroup;
			children = (
				BAD3871A25D50A0500407754 /* TabBarController.swift */,
				BAD386E225D4FF7F00407754 /* HomeViewController.swift */,
				BAD0116A25DF973B00624D21 /* TestViewController.swift */,
			);
			path = Controller;
			sourceTree = "<group>";
		};
		BAD3872025D50A7C00407754 /* Storyboard */ = {
			isa = PBXGroup;
			children = (
				BAD386E425D4FF7F00407754 /* Main.storyboard */,
			);
			path = Storyboard;
			sourceTree = "<group>";
		};
		FB0CA9B0EFCCE5E039A44423 /* Pods */ = {
			isa = PBXGroup;
			children = (
				6B37082E8019503F136D848D /* Pods-DailyYamazaki.debug.xcconfig */,
				CB539BA04EAF5762173E0010 /* Pods-DailyYamazaki.release.xcconfig */,
			);
			path = Pods;
			sourceTree = "<group>";
		};
/* End PBXGroup section */

/* Begin PBXNativeTarget section */
		BAD386DA25D4FF7F00407754 /* DailyYamazaki */ = {
			isa = PBXNativeTarget;
			buildConfigurationList = BAD3870525D4FF8000407754 /* Build configuration list for PBXNativeTarget "DailyYamazaki" */;
			buildPhases = (
				0F3AE0B5D29A0C5708C17797 /* [CP] Check Pods Manifest.lock */,
				BAD386D725D4FF7F00407754 /* Sources */,
				BAD386D825D4FF7F00407754 /* Frameworks */,
				BAD386D925D4FF7F00407754 /* Resources */,
				B223A6E1CB38EEC1816C0611 /* [CP] Embed Pods Frameworks */,
			);
			buildRules = (
			);
			dependencies = (
			);
			name = DailyYamazaki;
			productName = DailyYamazaki;
			productReference = BAAC637B25E1C2A400FD5B4E /* DailyYamazaki.app */;
			productType = "com.apple.product-type.application";
		};
		BAD386F025D4FF8000407754 /* DailyYamazakiTests */ = {
			isa = PBXNativeTarget;
			buildConfigurationList = BAD3870825D4FF8000407754 /* Build configuration list for PBXNativeTarget "DailyYamazakiTests" */;
			buildPhases = (
				78CDBE106482ADCCC99CDE13 /* [CP] Check Pods Manifest.lock */,
				BAD386ED25D4FF8000407754 /* Sources */,
				BAD386EE25D4FF8000407754 /* Frameworks */,
				BAD386EF25D4FF8000407754 /* Resources */,
			);
			buildRules = (
			);
			dependencies = (
				BAD386F325D4FF8000407754 /* PBXTargetDependency */,
			);
			name = DailyYamazakiTests;
			productName = DailyYamazakiTests;
			productReference = BAAC638525E1C39D00FD5B4E /* DailyYamazakiTests.xctest */;
			productType = "com.apple.product-type.bundle.unit-test";
		};
		BAD386FB25D4FF8000407754 /* DailyYamazakiUITests */ = {
			isa = PBXNativeTarget;
			buildConfigurationList = BAD3870B25D4FF8000407754 /* Build configuration list for PBXNativeTarget "DailyYamazakiUITests" */;
			buildPhases = (
				7C2A59C75BA7E5B202762C72 /* [CP] Check Pods Manifest.lock */,
				BAD386F825D4FF8000407754 /* Sources */,
				BAD386F925D4FF8000407754 /* Frameworks */,
				BAD386FA25D4FF8000407754 /* Resources */,
				807B360C34C74F1861D769F7 /* [CP] Embed Pods Frameworks */,
			);
			buildRules = (
			);
			dependencies = (
				BAD386FE25D4FF8000407754 /* PBXTargetDependency */,
			);
			name = DailyYamazakiUITests;
			productName = DailyYamazakiUITests;
			productReference = BAAC637E25E1C39700FD5B4E /* DailyYamazakiUITests.xctest */;
			productType = "com.apple.product-type.bundle.ui-testing";
		};
/* End PBXNativeTarget section */

/* Begin PBXProject section */
		BAD386D325D4FF7F00407754 /* Project object */ = {
			isa = PBXProject;
			attributes = {
				LastSwiftUpdateCheck = 1240;
				LastUpgradeCheck = 1240;
				TargetAttributes = {
					BAD386DA25D4FF7F00407754 = {
						CreatedOnToolsVersion = 12.4;
					};
					BAD386F025D4FF8000407754 = {
						CreatedOnToolsVersion = 12.4;
						TestTargetID = BAD386DA25D4FF7F00407754;
					};
					BAD386FB25D4FF8000407754 = {
						CreatedOnToolsVersion = 12.4;
						TestTargetID = BAD386DA25D4FF7F00407754;
					};
				};
			};
			buildConfigurationList = BAD386D625D4FF7F00407754 /* Build configuration list for PBXProject "DailyYamazaki" */;
			compatibilityVersion = "Xcode 9.3";
			developmentRegion = en;
			hasScannedForEncodings = 0;
			knownRegions = (
				en,
				Base,
			);
			mainGroup = BAD386D225D4FF7F00407754;
			productRefGroup = BAD386D225D4FF7F00407754;
			projectDirPath = "";
			projectRoot = "";
			targets = (
				BAD386DA25D4FF7F00407754 /* DailyYamazaki */,
				BAD386F025D4FF8000407754 /* DailyYamazakiTests */,
				BAD386FB25D4FF8000407754 /* DailyYamazakiUITests */,
			);
		};
/* End PBXProject section */

/* Begin PBXResourcesBuildPhase section */
		BAD386D925D4FF7F00407754 /* Resources */ = {
			isa = PBXResourcesBuildPhase;
			buildActionMask = 2147483647;
			files = (
				BA940B8125E0FDB200DEB3A1 /* HomeCollectionViewCell.xib in Resources */,
				BAD386EB25D4FF8000407754 /* LaunchScreen.storyboard in Resources */,
				BAD386E825D4FF8000407754 /* Assets.xcassets in Resources */,
				BAAED5F625DE1B4C00FBE46D /* GoogleService-Info.plist in Resources */,
				BAD386E625D4FF7F00407754 /* Main.storyboard in Resources */,
			);
			runOnlyForDeploymentPostprocessing = 0;
		};
		BAD386EF25D4FF8000407754 /* Resources */ = {
			isa = PBXResourcesBuildPhase;
			buildActionMask = 2147483647;
			files = (
			);
			runOnlyForDeploymentPostprocessing = 0;
		};
		BAD386FA25D4FF8000407754 /* Resources */ = {
			isa = PBXResourcesBuildPhase;
			buildActionMask = 2147483647;
			files = (
			);
			runOnlyForDeploymentPostprocessing = 0;
		};
/* End PBXResourcesBuildPhase section */

/* Begin PBXShellScriptBuildPhase section */
		0F3AE0B5D29A0C5708C17797 /* [CP] Check Pods Manifest.lock */ = {
			isa = PBXShellScriptBuildPhase;
			buildActionMask = 2147483647;
			files = (
			);
			inputFileListPaths = (
			);
			inputPaths = (
				"${PODS_PODFILE_DIR_PATH}/Podfile.lock",
				"${PODS_ROOT}/Manifest.lock",
			);
			name = "[CP] Check Pods Manifest.lock";
			outputFileListPaths = (
			);
			outputPaths = (
				"$(DERIVED_FILE_DIR)/Pods-DailyYamazaki-checkManifestLockResult.txt",
			);
			runOnlyForDeploymentPostprocessing = 0;
			shellPath = /bin/sh;
			shellScript = "diff \"${PODS_PODFILE_DIR_PATH}/Podfile.lock\" \"${PODS_ROOT}/Manifest.lock\" > /dev/null\nif [ $? != 0 ] ; then\n    # print error to STDERR\n    echo \"error: The sandbox is not in sync with the Podfile.lock. Run 'pod install' or update your CocoaPods installation.\" >&2\n    exit 1\nfi\n# This output is used by Xcode 'outputs' to avoid re-running this script phase.\necho \"SUCCESS\" > \"${SCRIPT_OUTPUT_FILE_0}\"\n";
			showEnvVarsInLog = 0;
		};
		78CDBE106482ADCCC99CDE13 /* [CP] Check Pods Manifest.lock */ = {
			isa = PBXShellScriptBuildPhase;
			buildActionMask = 2147483647;
			files = (
			);
			inputFileListPaths = (
			);
			inputPaths = (
				"${PODS_PODFILE_DIR_PATH}/Podfile.lock",
				"${PODS_ROOT}/Manifest.lock",
			);
			name = "[CP] Check Pods Manifest.lock";
			outputFileListPaths = (
			);
			outputPaths = (
				"$(DERIVED_FILE_DIR)/Pods-DailyYamazakiTests-checkManifestLockResult.txt",
			);
			runOnlyForDeploymentPostprocessing = 0;
			shellPath = /bin/sh;
			shellScript = "diff \"${PODS_PODFILE_DIR_PATH}/Podfile.lock\" \"${PODS_ROOT}/Manifest.lock\" > /dev/null\nif [ $? != 0 ] ; then\n    # print error to STDERR\n    echo \"error: The sandbox is not in sync with the Podfile.lock. Run 'pod install' or update your CocoaPods installation.\" >&2\n    exit 1\nfi\n# This output is used by Xcode 'outputs' to avoid re-running this script phase.\necho \"SUCCESS\" > \"${SCRIPT_OUTPUT_FILE_0}\"\n";
			showEnvVarsInLog = 0;
		};
		7C2A59C75BA7E5B202762C72 /* [CP] Check Pods Manifest.lock */ = {
			isa = PBXShellScriptBuildPhase;
			buildActionMask = 2147483647;
			files = (
			);
			inputFileListPaths = (
			);
			inputPaths = (
				"${PODS_PODFILE_DIR_PATH}/Podfile.lock",
				"${PODS_ROOT}/Manifest.lock",
			);
			name = "[CP] Check Pods Manifest.lock";
			outputFileListPaths = (
			);
			outputPaths = (
				"$(DERIVED_FILE_DIR)/Pods-DailyYamazaki-DailyYamazakiUITests-checkManifestLockResult.txt",
			);
			runOnlyForDeploymentPostprocessing = 0;
			shellPath = /bin/sh;
			shellScript = "diff \"${PODS_PODFILE_DIR_PATH}/Podfile.lock\" \"${PODS_ROOT}/Manifest.lock\" > /dev/null\nif [ $? != 0 ] ; then\n    # print error to STDERR\n    echo \"error: The sandbox is not in sync with the Podfile.lock. Run 'pod install' or update your CocoaPods installation.\" >&2\n    exit 1\nfi\n# This output is used by Xcode 'outputs' to avoid re-running this script phase.\necho \"SUCCESS\" > \"${SCRIPT_OUTPUT_FILE_0}\"\n";
			showEnvVarsInLog = 0;
		};
		807B360C34C74F1861D769F7 /* [CP] Embed Pods Frameworks */ = {
			isa = PBXShellScriptBuildPhase;
			buildActionMask = 2147483647;
			files = (
			);
			inputFileListPaths = (
				"${PODS_ROOT}/Target Support Files/Pods-DailyYamazaki-DailyYamazakiUITests/Pods-DailyYamazaki-DailyYamazakiUITests-frameworks-${CONFIGURATION}-input-files.xcfilelist",
			);
			name = "[CP] Embed Pods Frameworks";
			outputFileListPaths = (
				"${PODS_ROOT}/Target Support Files/Pods-DailyYamazaki-DailyYamazakiUITests/Pods-DailyYamazaki-DailyYamazakiUITests-frameworks-${CONFIGURATION}-output-files.xcfilelist",
			);
			runOnlyForDeploymentPostprocessing = 0;
			shellPath = /bin/sh;
			shellScript = "\"${PODS_ROOT}/Target Support Files/Pods-DailyYamazaki-DailyYamazakiUITests/Pods-DailyYamazaki-DailyYamazakiUITests-frameworks.sh\"\n";
			showEnvVarsInLog = 0;
		};
		B223A6E1CB38EEC1816C0611 /* [CP] Embed Pods Frameworks */ = {
			isa = PBXShellScriptBuildPhase;
			buildActionMask = 2147483647;
			files = (
			);
			inputFileListPaths = (
				"${PODS_ROOT}/Target Support Files/Pods-DailyYamazaki/Pods-DailyYamazaki-frameworks-${CONFIGURATION}-input-files.xcfilelist",
			);
			name = "[CP] Embed Pods Frameworks";
			outputFileListPaths = (
				"${PODS_ROOT}/Target Support Files/Pods-DailyYamazaki/Pods-DailyYamazaki-frameworks-${CONFIGURATION}-output-files.xcfilelist",
			);
			runOnlyForDeploymentPostprocessing = 0;
			shellPath = /bin/sh;
			shellScript = "\"${PODS_ROOT}/Target Support Files/Pods-DailyYamazaki/Pods-DailyYamazaki-frameworks.sh\"\n";
			showEnvVarsInLog = 0;
		};
/* End PBXShellScriptBuildPhase section */

/* Begin PBXSourcesBuildPhase section */
		BAD386D725D4FF7F00407754 /* Sources */ = {
			isa = PBXSourcesBuildPhase;
			buildActionMask = 2147483647;
			files = (
				BAD386E325D4FF7F00407754 /* HomeViewController.swift in Sources */,
				BAD3871B25D50A0500407754 /* TabBarController.swift in Sources */,
				BAD0117025DF9D5500624D21 /* Test.swift in Sources */,
				BAD0116B25DF973B00624D21 /* TestViewController.swift in Sources */,
				BAD386DF25D4FF7F00407754 /* AppDelegate.swift in Sources */,
				BA940B8025E0FDB200DEB3A1 /* HomeCollectionViewCell.swift in Sources */,
				BAD386E125D4FF7F00407754 /* SceneDelegate.swift in Sources */,
				BAF66FDA25DAE587008C08DF /* ColorModel.swift in Sources */,
				BAAED59B25DDF65A00FBE46D /* LoadDataModel.swift in Sources */,
			);
			runOnlyForDeploymentPostprocessing = 0;
		};
		BAD386ED25D4FF8000407754 /* Sources */ = {
			isa = PBXSourcesBuildPhase;
			buildActionMask = 2147483647;
			files = (
			);
			runOnlyForDeploymentPostprocessing = 0;
		};
		BAD386F825D4FF8000407754 /* Sources */ = {
			isa = PBXSourcesBuildPhase;
			buildActionMask = 2147483647;
			files = (
			);
			runOnlyForDeploymentPostprocessing = 0;
		};
/* End PBXSourcesBuildPhase section */

/* Begin PBXTargetDependency section */
		BAD386F325D4FF8000407754 /* PBXTargetDependency */ = {
			isa = PBXTargetDependency;
			target = BAD386DA25D4FF7F00407754 /* DailyYamazaki */;
			targetProxy = BAD386F225D4FF8000407754 /* PBXContainerItemProxy */;
		};
		BAD386FE25D4FF8000407754 /* PBXTargetDependency */ = {
			isa = PBXTargetDependency;
			target = BAD386DA25D4FF7F00407754 /* DailyYamazaki */;
			targetProxy = BAD386FD25D4FF8000407754 /* PBXContainerItemProxy */;
		};
/* End PBXTargetDependency section */

/* Begin PBXVariantGroup section */
		BAD386E425D4FF7F00407754 /* Main.storyboard */ = {
			isa = PBXVariantGroup;
			children = (
				BAD386E525D4FF7F00407754 /* Base */,
			);
			name = Main.storyboard;
			sourceTree = "<group>";
		};
		BAD386E925D4FF8000407754 /* LaunchScreen.storyboard */ = {
			isa = PBXVariantGroup;
			children = (
				BAD386EA25D4FF8000407754 /* Base */,
			);
			name = LaunchScreen.storyboard;
			sourceTree = "<group>";
		};
/* End PBXVariantGroup section */

/* Begin XCBuildConfiguration section */
		BAD3870325D4FF8000407754 /* Debug */ = {
			isa = XCBuildConfiguration;
			buildSettings = {
				ALWAYS_SEARCH_USER_PATHS = NO;
				CLANG_ANALYZER_NONNULL = YES;
				CLANG_ANALYZER_NUMBER_OBJECT_CONVERSION = YES_AGGRESSIVE;
				CLANG_CXX_LANGUAGE_STANDARD = "gnu++14";
				CLANG_CXX_LIBRARY = "libc++";
				CLANG_ENABLE_MODULES = YES;
				CLANG_ENABLE_OBJC_ARC = YES;
				CLANG_ENABLE_OBJC_WEAK = YES;
				CLANG_WARN_BLOCK_CAPTURE_AUTORELEASING = YES;
				CLANG_WARN_BOOL_CONVERSION = YES;
				CLANG_WARN_COMMA = YES;
				CLANG_WARN_CONSTANT_CONVERSION = YES;
				CLANG_WARN_DEPRECATED_OBJC_IMPLEMENTATIONS = YES;
				CLANG_WARN_DIRECT_OBJC_ISA_USAGE = YES_ERROR;
				CLANG_WARN_DOCUMENTATION_COMMENTS = YES;
				CLANG_WARN_EMPTY_BODY = YES;
				CLANG_WARN_ENUM_CONVERSION = YES;
				CLANG_WARN_INFINITE_RECURSION = YES;
				CLANG_WARN_INT_CONVERSION = YES;
				CLANG_WARN_NON_LITERAL_NULL_CONVERSION = YES;
				CLANG_WARN_OBJC_IMPLICIT_RETAIN_SELF = YES;
				CLANG_WARN_OBJC_LITERAL_CONVERSION = YES;
				CLANG_WARN_OBJC_ROOT_CLASS = YES_ERROR;
				CLANG_WARN_QUOTED_INCLUDE_IN_FRAMEWORK_HEADER = YES;
				CLANG_WARN_RANGE_LOOP_ANALYSIS = YES;
				CLANG_WARN_STRICT_PROTOTYPES = YES;
				CLANG_WARN_SUSPICIOUS_MOVE = YES;
				CLANG_WARN_UNGUARDED_AVAILABILITY = YES_AGGRESSIVE;
				CLANG_WARN_UNREACHABLE_CODE = YES;
				CLANG_WARN__DUPLICATE_METHOD_MATCH = YES;
				COPY_PHASE_STRIP = NO;
				DEBUG_INFORMATION_FORMAT = dwarf;
				ENABLE_STRICT_OBJC_MSGSEND = YES;
				ENABLE_TESTABILITY = YES;
				GCC_C_LANGUAGE_STANDARD = gnu11;
				GCC_DYNAMIC_NO_PIC = NO;
				GCC_NO_COMMON_BLOCKS = YES;
				GCC_OPTIMIZATION_LEVEL = 0;
				GCC_PREPROCESSOR_DEFINITIONS = (
					"DEBUG=1",
					"$(inherited)",
				);
				GCC_WARN_64_TO_32_BIT_CONVERSION = YES;
				GCC_WARN_ABOUT_RETURN_TYPE = YES_ERROR;
				GCC_WARN_UNDECLARED_SELECTOR = YES;
				GCC_WARN_UNINITIALIZED_AUTOS = YES_AGGRESSIVE;
				GCC_WARN_UNUSED_FUNCTION = YES;
				GCC_WARN_UNUSED_VARIABLE = YES;
				IPHONEOS_DEPLOYMENT_TARGET = 14.4;
				MTL_ENABLE_DEBUG_INFO = INCLUDE_SOURCE;
				MTL_FAST_MATH = YES;
				ONLY_ACTIVE_ARCH = YES;
				SDKROOT = iphoneos;
				SWIFT_ACTIVE_COMPILATION_CONDITIONS = DEBUG;
				SWIFT_OPTIMIZATION_LEVEL = "-Onone";
			};
			name = Debug;
		};
		BAD3870425D4FF8000407754 /* Release */ = {
			isa = XCBuildConfiguration;
			buildSettings = {
				ALWAYS_SEARCH_USER_PATHS = NO;
				CLANG_ANALYZER_NONNULL = YES;
				CLANG_ANALYZER_NUMBER_OBJECT_CONVERSION = YES_AGGRESSIVE;
				CLANG_CXX_LANGUAGE_STANDARD = "gnu++14";
				CLANG_CXX_LIBRARY = "libc++";
				CLANG_ENABLE_MODULES = YES;
				CLANG_ENABLE_OBJC_ARC = YES;
				CLANG_ENABLE_OBJC_WEAK = YES;
				CLANG_WARN_BLOCK_CAPTURE_AUTORELEASING = YES;
				CLANG_WARN_BOOL_CONVERSION = YES;
				CLANG_WARN_COMMA = YES;
				CLANG_WARN_CONSTANT_CONVERSION = YES;
				CLANG_WARN_DEPRECATED_OBJC_IMPLEMENTATIONS = YES;
				CLANG_WARN_DIRECT_OBJC_ISA_USAGE = YES_ERROR;
				CLANG_WARN_DOCUMENTATION_COMMENTS = YES;
				CLANG_WARN_EMPTY_BODY = YES;
				CLANG_WARN_ENUM_CONVERSION = YES;
				CLANG_WARN_INFINITE_RECURSION = YES;
				CLANG_WARN_INT_CONVERSION = YES;
				CLANG_WARN_NON_LITERAL_NULL_CONVERSION = YES;
				CLANG_WARN_OBJC_IMPLICIT_RETAIN_SELF = YES;
				CLANG_WARN_OBJC_LITERAL_CONVERSION = YES;
				CLANG_WARN_OBJC_ROOT_CLASS = YES_ERROR;
				CLANG_WARN_QUOTED_INCLUDE_IN_FRAMEWORK_HEADER = YES;
				CLANG_WARN_RANGE_LOOP_ANALYSIS = YES;
				CLANG_WARN_STRICT_PROTOTYPES = YES;
				CLANG_WARN_SUSPICIOUS_MOVE = YES;
				CLANG_WARN_UNGUARDED_AVAILABILITY = YES_AGGRESSIVE;
				CLANG_WARN_UNREACHABLE_CODE = YES;
				CLANG_WARN__DUPLICATE_METHOD_MATCH = YES;
				COPY_PHASE_STRIP = NO;
				DEBUG_INFORMATION_FORMAT = "dwarf-with-dsym";
				ENABLE_NS_ASSERTIONS = NO;
				ENABLE_STRICT_OBJC_MSGSEND = YES;
				GCC_C_LANGUAGE_STANDARD = gnu11;
				GCC_NO_COMMON_BLOCKS = YES;
				GCC_WARN_64_TO_32_BIT_CONVERSION = YES;
				GCC_WARN_ABOUT_RETURN_TYPE = YES_ERROR;
				GCC_WARN_UNDECLARED_SELECTOR = YES;
				GCC_WARN_UNINITIALIZED_AUTOS = YES_AGGRESSIVE;
				GCC_WARN_UNUSED_FUNCTION = YES;
				GCC_WARN_UNUSED_VARIABLE = YES;
				IPHONEOS_DEPLOYMENT_TARGET = 14.4;
				MTL_ENABLE_DEBUG_INFO = NO;
				MTL_FAST_MATH = YES;
				SDKROOT = iphoneos;
				SWIFT_COMPILATION_MODE = wholemodule;
				SWIFT_OPTIMIZATION_LEVEL = "-O";
				VALIDATE_PRODUCT = YES;
			};
			name = Release;
		};
		BAD3870625D4FF8000407754 /* Debug */ = {
			isa = XCBuildConfiguration;
			baseConfigurationReference = 6B37082E8019503F136D848D /* Pods-DailyYamazaki.debug.xcconfig */;
			buildSettings = {
				ASSETCATALOG_COMPILER_APPICON_NAME = AppIcon;
				ASSETCATALOG_COMPILER_GLOBAL_ACCENT_COLOR_NAME = AccentColor;
				CODE_SIGN_STYLE = Automatic;
				DEVELOPMENT_TEAM = X7K464LF72;
				INFOPLIST_FILE = DailyYamazaki/Info.plist;
				LD_RUNPATH_SEARCH_PATHS = (
					"$(inherited)",
					"@executable_path/Frameworks",
				);
				PRODUCT_BUNDLE_IDENTIFIER = com.shige.DailyYamazaki;
				PRODUCT_NAME = "$(TARGET_NAME)";
				SWIFT_VERSION = 5.0;
				TARGETED_DEVICE_FAMILY = 1;
			};
			name = Debug;
		};
		BAD3870725D4FF8000407754 /* Release */ = {
			isa = XCBuildConfiguration;
			baseConfigurationReference = CB539BA04EAF5762173E0010 /* Pods-DailyYamazaki.release.xcconfig */;
			buildSettings = {
				ASSETCATALOG_COMPILER_APPICON_NAME = AppIcon;
				ASSETCATALOG_COMPILER_GLOBAL_ACCENT_COLOR_NAME = AccentColor;
				CODE_SIGN_STYLE = Automatic;
				DEVELOPMENT_TEAM = X7K464LF72;
				INFOPLIST_FILE = DailyYamazaki/Info.plist;
				LD_RUNPATH_SEARCH_PATHS = (
					"$(inherited)",
					"@executable_path/Frameworks",
				);
				PRODUCT_BUNDLE_IDENTIFIER = com.shige.DailyYamazaki;
				PRODUCT_NAME = "$(TARGET_NAME)";
				SWIFT_VERSION = 5.0;
				TARGETED_DEVICE_FAMILY = 1;
			};
			name = Release;
		};
		BAD3870925D4FF8000407754 /* Debug */ = {
			isa = XCBuildConfiguration;
			buildSettings = {
				ALWAYS_EMBED_SWIFT_STANDARD_LIBRARIES = YES;
				BUNDLE_LOADER = "$(TEST_HOST)";
				CODE_SIGN_STYLE = Automatic;
				DEVELOPMENT_TEAM = X7K464LF72;
				INFOPLIST_FILE = DailyYamazakiTests/Info.plist;
				IPHONEOS_DEPLOYMENT_TARGET = 14.4;
				LD_RUNPATH_SEARCH_PATHS = (
					"$(inherited)",
					"@executable_path/Frameworks",
					"@loader_path/Frameworks",
				);
				PRODUCT_BUNDLE_IDENTIFIER = com.shige.DailyYamazakiTests;
				PRODUCT_NAME = "$(TARGET_NAME)";
				SWIFT_VERSION = 5.0;
				TARGETED_DEVICE_FAMILY = "1,2";
				TEST_HOST = "$(BUILT_PRODUCTS_DIR)/DailyYamazaki.app/DailyYamazaki";
			};
			name = Debug;
		};
		BAD3870A25D4FF8000407754 /* Release */ = {
			isa = XCBuildConfiguration;
			buildSettings = {
				ALWAYS_EMBED_SWIFT_STANDARD_LIBRARIES = YES;
				BUNDLE_LOADER = "$(TEST_HOST)";
				CODE_SIGN_STYLE = Automatic;
				DEVELOPMENT_TEAM = X7K464LF72;
				INFOPLIST_FILE = DailyYamazakiTests/Info.plist;
				IPHONEOS_DEPLOYMENT_TARGET = 14.4;
				LD_RUNPATH_SEARCH_PATHS = (
					"$(inherited)",
					"@executable_path/Frameworks",
					"@loader_path/Frameworks",
				);
				PRODUCT_BUNDLE_IDENTIFIER = com.shige.DailyYamazakiTests;
				PRODUCT_NAME = "$(TARGET_NAME)";
				SWIFT_VERSION = 5.0;
				TARGETED_DEVICE_FAMILY = "1,2";
				TEST_HOST = "$(BUILT_PRODUCTS_DIR)/DailyYamazaki.app/DailyYamazaki";
			};
			name = Release;
		};
		BAD3870C25D4FF8000407754 /* Debug */ = {
			isa = XCBuildConfiguration;
			buildSettings = {
				ALWAYS_EMBED_SWIFT_STANDARD_LIBRARIES = YES;
				CODE_SIGN_STYLE = Automatic;
				DEVELOPMENT_TEAM = X7K464LF72;
				INFOPLIST_FILE = DailyYamazakiUITests/Info.plist;
				LD_RUNPATH_SEARCH_PATHS = (
					"$(inherited)",
					"@executable_path/Frameworks",
					"@loader_path/Frameworks",
				);
				PRODUCT_BUNDLE_IDENTIFIER = com.shige.DailyYamazakiUITests;
				PRODUCT_NAME = "$(TARGET_NAME)";
				SWIFT_VERSION = 5.0;
				TARGETED_DEVICE_FAMILY = "1,2";
				TEST_TARGET_NAME = DailyYamazaki;
			};
			name = Debug;
		};
		BAD3870D25D4FF8000407754 /* Release */ = {
			isa = XCBuildConfiguration;
			buildSettings = {
				ALWAYS_EMBED_SWIFT_STANDARD_LIBRARIES = YES;
				CODE_SIGN_STYLE = Automatic;
				DEVELOPMENT_TEAM = X7K464LF72;
				INFOPLIST_FILE = DailyYamazakiUITests/Info.plist;
				LD_RUNPATH_SEARCH_PATHS = (
					"$(inherited)",
					"@executable_path/Frameworks",
					"@loader_path/Frameworks",
				);
				PRODUCT_BUNDLE_IDENTIFIER = com.shige.DailyYamazakiUITests;
				PRODUCT_NAME = "$(TARGET_NAME)";
				SWIFT_VERSION = 5.0;
				TARGETED_DEVICE_FAMILY = "1,2";
				TEST_TARGET_NAME = DailyYamazaki;
			};
			name = Release;
		};
/* End XCBuildConfiguration section */

/* Begin XCConfigurationList section */
		BAD386D625D4FF7F00407754 /* Build configuration list for PBXProject "DailyYamazaki" */ = {
			isa = XCConfigurationList;
			buildConfigurations = (
				BAD3870325D4FF8000407754 /* Debug */,
				BAD3870425D4FF8000407754 /* Release */,
			);
			defaultConfigurationIsVisible = 0;
			defaultConfigurationName = Release;
		};
		BAD3870525D4FF8000407754 /* Build configuration list for PBXNativeTarget "DailyYamazaki" */ = {
			isa = XCConfigurationList;
			buildConfigurations = (
				BAD3870625D4FF8000407754 /* Debug */,
				BAD3870725D4FF8000407754 /* Release */,
			);
			defaultConfigurationIsVisible = 0;
			defaultConfigurationName = Release;
		};
		BAD3870825D4FF8000407754 /* Build configuration list for PBXNativeTarget "DailyYamazakiTests" */ = {
			isa = XCConfigurationList;
			buildConfigurations = (
				BAD3870925D4FF8000407754 /* Debug */,
				BAD3870A25D4FF8000407754 /* Release */,
			);
			defaultConfigurationIsVisible = 0;
			defaultConfigurationName = Release;
		};
		BAD3870B25D4FF8000407754 /* Build configuration list for PBXNativeTarget "DailyYamazakiUITests" */ = {
			isa = XCConfigurationList;
			buildConfigurations = (
				BAD3870C25D4FF8000407754 /* Debug */,
				BAD3870D25D4FF8000407754 /* Release */,
			);
			defaultConfigurationIsVisible = 0;
			defaultConfigurationName = Release;
		};
/* End XCConfigurationList section */
	};
	rootObject = BAD386D325D4FF7F00407754 /* Project object */;
}
